// !$*UTF8*$!
{
	archiveVersion = 1;
	classes = {
	};
	objectVersion = 50;
	objects = {

/* Begin PBXBuildFile section */
		9700CB9826E3DF5300A25683 /* Makefile in Sources */ = {isa = PBXBuildFile; fileRef = 9700CB9726E3DF5300A25683 /* Makefile */; };
		9700CB9D26E3DF8800A25683 /* main.cpp in Sources */ = {isa = PBXBuildFile; fileRef = 9700CB9C26E3DF8800A25683 /* main.cpp */; };
		9700CBA026E3E1F200A25683 /* AMateria.cpp in Sources */ = {isa = PBXBuildFile; fileRef = 9700CB9E26E3E1F200A25683 /* AMateria.cpp */; };
		97F0FB0226F0F285004036B1 /* Cure.cpp in Sources */ = {isa = PBXBuildFile; fileRef = 97F0FB0026F0F285004036B1 /* Cure.cpp */; };
		97F0FB0526F0F7AD004036B1 /* Ice.cpp in Sources */ = {isa = PBXBuildFile; fileRef = 97F0FB0326F0F7AD004036B1 /* Ice.cpp */; };
		97F0FB0E26F10127004036B1 /* Character.cpp in Sources */ = {isa = PBXBuildFile; fileRef = 97F0FB0C26F10127004036B1 /* Character.cpp */; };
		97F0FB1226F10E49004036B1 /* MateriaSource.cpp in Sources */ = {isa = PBXBuildFile; fileRef = 97F0FB1026F10E49004036B1 /* MateriaSource.cpp */; };
/* End PBXBuildFile section */

/* Begin PBXCopyFilesBuildPhase section */
		97DB403826E3BA8600F65B0D /* CopyFiles */ = {
			isa = PBXCopyFilesBuildPhase;
			buildActionMask = 2147483647;
			dstPath = /usr/share/man/man1/;
			dstSubfolderSpec = 0;
			files = (
			);
			runOnlyForDeploymentPostprocessing = 1;
		};
/* End PBXCopyFilesBuildPhase section */

/* Begin PBXFileReference section */
		9700CB9726E3DF5300A25683 /* Makefile */ = {isa = PBXFileReference; fileEncoding = 4; lastKnownFileType = sourcecode.make; path = Makefile; sourceTree = "<group>"; };
		9700CB9C26E3DF8800A25683 /* main.cpp */ = {isa = PBXFileReference; fileEncoding = 4; lastKnownFileType = sourcecode.cpp.cpp; path = main.cpp; sourceTree = "<group>"; };
		9700CB9E26E3E1F200A25683 /* AMateria.cpp */ = {isa = PBXFileReference; lastKnownFileType = sourcecode.cpp.cpp; path = AMateria.cpp; sourceTree = "<group>"; };
		9700CB9F26E3E1F200A25683 /* AMateria.hpp */ = {isa = PBXFileReference; lastKnownFileType = sourcecode.cpp.h; path = AMateria.hpp; sourceTree = "<group>"; };
		97DB403A26E3BA8600F65B0D /* ex00 */ = {isa = PBXFileReference; explicitFileType = "compiled.mach-o.executable"; includeInIndex = 0; path = ex00; sourceTree = BUILT_PRODUCTS_DIR; };
		97F0FAFD26F0F277004036B1 /* ex00-Bridging-Header.h */ = {isa = PBXFileReference; lastKnownFileType = sourcecode.c.h; path = "ex00-Bridging-Header.h"; sourceTree = "<group>"; };
		97F0FB0026F0F285004036B1 /* Cure.cpp */ = {isa = PBXFileReference; lastKnownFileType = sourcecode.cpp.cpp; path = Cure.cpp; sourceTree = "<group>"; };
		97F0FB0126F0F285004036B1 /* Cure.hpp */ = {isa = PBXFileReference; lastKnownFileType = sourcecode.cpp.h; path = Cure.hpp; sourceTree = "<group>"; };
		97F0FB0326F0F7AD004036B1 /* Ice.cpp */ = {isa = PBXFileReference; lastKnownFileType = sourcecode.cpp.cpp; path = Ice.cpp; sourceTree = "<group>"; };
		97F0FB0426F0F7AD004036B1 /* Ice.hpp */ = {isa = PBXFileReference; lastKnownFileType = sourcecode.cpp.h; path = Ice.hpp; sourceTree = "<group>"; };
		97F0FB0726F0FDAA004036B1 /* ICharacter.hpp */ = {isa = PBXFileReference; lastKnownFileType = sourcecode.cpp.h; path = ICharacter.hpp; sourceTree = "<group>"; };
		97F0FB0A26F0FED2004036B1 /* IMateriaSource.hpp */ = {isa = PBXFileReference; lastKnownFileType = sourcecode.cpp.h; path = IMateriaSource.hpp; sourceTree = "<group>"; };
		97F0FB0C26F10127004036B1 /* Character.cpp */ = {isa = PBXFileReference; lastKnownFileType = sourcecode.cpp.cpp; path = Character.cpp; sourceTree = "<group>"; };
		97F0FB0D26F10127004036B1 /* Character.hpp */ = {isa = PBXFileReference; lastKnownFileType = sourcecode.cpp.h; path = Character.hpp; sourceTree = "<group>"; };
		97F0FB0F26F1049B004036B1 /* main.hpp */ = {isa = PBXFileReference; lastKnownFileType = sourcecode.cpp.h; path = main.hpp; sourceTree = "<group>"; };
		97F0FB1026F10E49004036B1 /* MateriaSource.cpp */ = {isa = PBXFileReference; lastKnownFileType = sourcecode.cpp.cpp; path = MateriaSource.cpp; sourceTree = "<group>"; };
		97F0FB1126F10E49004036B1 /* MateriaSource.hpp */ = {isa = PBXFileReference; lastKnownFileType = sourcecode.cpp.h; path = MateriaSource.hpp; sourceTree = "<group>"; };
/* End PBXFileReference section */

/* Begin PBXFrameworksBuildPhase section */
		97DB403726E3BA8600F65B0D /* Frameworks */ = {
			isa = PBXFrameworksBuildPhase;
			buildActionMask = 2147483647;
			files = (
			);
			runOnlyForDeploymentPostprocessing = 0;
		};
/* End PBXFrameworksBuildPhase section */

/* Begin PBXGroup section */
		97DB403126E3BA8600F65B0D = {
			isa = PBXGroup;
			children = (
				97F0FB0326F0F7AD004036B1 /* Ice.cpp */,
				97F0FB0426F0F7AD004036B1 /* Ice.hpp */,
				97F0FB0026F0F285004036B1 /* Cure.cpp */,
				97F0FB0126F0F285004036B1 /* Cure.hpp */,
				9700CB9E26E3E1F200A25683 /* AMateria.cpp */,
				9700CB9F26E3E1F200A25683 /* AMateria.hpp */,
				97F0FB0F26F1049B004036B1 /* main.hpp */,
				97F0FB0A26F0FED2004036B1 /* IMateriaSource.hpp */,
				97F0FB1026F10E49004036B1 /* MateriaSource.cpp */,
				97F0FB1126F10E49004036B1 /* MateriaSource.hpp */,
				97F0FB0726F0FDAA004036B1 /* ICharacter.hpp */,
				97F0FB0C26F10127004036B1 /* Character.cpp */,
				97F0FB0D26F10127004036B1 /* Character.hpp */,
				9700CB9726E3DF5300A25683 /* Makefile */,
				9700CB9C26E3DF8800A25683 /* main.cpp */,
				97DB403B26E3BA8600F65B0D /* Products */,
				97F0FAFD26F0F277004036B1 /* ex00-Bridging-Header.h */,
			);
			sourceTree = "<group>";
		};
		97DB403B26E3BA8600F65B0D /* Products */ = {
			isa = PBXGroup;
			children = (
				97DB403A26E3BA8600F65B0D /* ex00 */,
			);
			name = Products;
			sourceTree = "<group>";
		};
/* End PBXGroup section */

/* Begin PBXNativeTarget section */
		97DB403926E3BA8600F65B0D /* ex00 */ = {
			isa = PBXNativeTarget;
			buildConfigurationList = 97DB404126E3BA8600F65B0D /* Build configuration list for PBXNativeTarget "ex00" */;
			buildPhases = (
				97DB403626E3BA8600F65B0D /* Sources */,
				97DB403726E3BA8600F65B0D /* Frameworks */,
				97DB403826E3BA8600F65B0D /* CopyFiles */,
			);
			buildRules = (
			);
			dependencies = (
			);
			name = ex00;
			productName = ex00;
			productReference = 97DB403A26E3BA8600F65B0D /* ex00 */;
			productType = "com.apple.product-type.tool";
		};
/* End PBXNativeTarget section */

/* Begin PBXProject section */
		97DB403226E3BA8600F65B0D /* Project object */ = {
			isa = PBXProject;
			attributes = {
				LastUpgradeCheck = 1130;
				ORGANIZATIONNAME = "Torres Saiyan";
				TargetAttributes = {
					97DB403926E3BA8600F65B0D = {
						CreatedOnToolsVersion = 11.3.1;
						LastSwiftMigration = 1130;
					};
				};
			};
			buildConfigurationList = 97DB403526E3BA8600F65B0D /* Build configuration list for PBXProject "ex01" */;
			compatibilityVersion = "Xcode 9.3";
			developmentRegion = en;
			hasScannedForEncodings = 0;
			knownRegions = (
				en,
				Base,
			);
			mainGroup = 97DB403126E3BA8600F65B0D;
			productRefGroup = 97DB403B26E3BA8600F65B0D /* Products */;
			projectDirPath = "";
			projectRoot = "";
			targets = (
				97DB403926E3BA8600F65B0D /* ex00 */,
			);
		};
/* End PBXProject section */

/* Begin PBXSourcesBuildPhase section */
		97DB403626E3BA8600F65B0D /* Sources */ = {
			isa = PBXSourcesBuildPhase;
			buildActionMask = 2147483647;
			files = (
				97F0FB0226F0F285004036B1 /* Cure.cpp in Sources */,
				9700CB9826E3DF5300A25683 /* Makefile in Sources */,
				9700CB9D26E3DF8800A25683 /* main.cpp in Sources */,
				97F0FB0E26F10127004036B1 /* Character.cpp in Sources */,
				97F0FB1226F10E49004036B1 /* MateriaSource.cpp in Sources */,
				9700CBA026E3E1F200A25683 /* AMateria.cpp in Sources */,
				97F0FB0526F0F7AD004036B1 /* Ice.cpp in Sources */,
			);
			runOnlyForDeploymentPostprocessing = 0;
		};
/* End PBXSourcesBuildPhase section */

/* Begin XCBuildConfiguration section */
		97DB403F26E3BA8600F65B0D /* Debug */ = {
			isa = XCBuildConfiguration;
			buildSettings = {
				ALWAYS_SEARCH_USER_PATHS = NO;
				CLANG_ANALYZER_NONNULL = YES;
				CLANG_ANALYZER_NUMBER_OBJECT_CONVERSION = YES_AGGRESSIVE;
				CLANG_CXX_LANGUAGE_STANDARD = "gnu++14";
				CLANG_CXX_LIBRARY = "libc++";
				CLANG_ENABLE_MODULES = YES;
				CLANG_ENABLE_OBJC_ARC = YES;
				CLANG_ENABLE_OBJC_WEAK = YES;
				CLANG_WARN_BLOCK_CAPTURE_AUTORELEASING = YES;
				CLANG_WARN_BOOL_CONVERSION = YES;
				CLANG_WARN_COMMA = YES;
				CLANG_WARN_CONSTANT_CONVERSION = YES;
				CLANG_WARN_DEPRECATED_OBJC_IMPLEMENTATIONS = YES;
				CLANG_WARN_DIRECT_OBJC_ISA_USAGE = YES_ERROR;
				CLANG_WARN_DOCUMENTATION_COMMENTS = YES;
				CLANG_WARN_EMPTY_BODY = YES;
				CLANG_WARN_ENUM_CONVERSION = YES;
				CLANG_WARN_INFINITE_RECURSION = YES;
				CLANG_WARN_INT_CONVERSION = YES;
				CLANG_WARN_NON_LITERAL_NULL_CONVERSION = YES;
				CLANG_WARN_OBJC_IMPLICIT_RETAIN_SELF = YES;
				CLANG_WARN_OBJC_LITERAL_CONVERSION = YES;
				CLANG_WARN_OBJC_ROOT_CLASS = YES_ERROR;
				CLANG_WARN_RANGE_LOOP_ANALYSIS = YES;
				CLANG_WARN_STRICT_PROTOTYPES = YES;
				CLANG_WARN_SUSPICIOUS_MOVE = YES;
				CLANG_WARN_UNGUARDED_AVAILABILITY = YES_AGGRESSIVE;
				CLANG_WARN_UNREACHABLE_CODE = YES;
				CLANG_WARN__DUPLICATE_METHOD_MATCH = YES;
				COPY_PHASE_STRIP = NO;
				DEBUG_INFORMATION_FORMAT = dwarf;
				ENABLE_STRICT_OBJC_MSGSEND = YES;
				ENABLE_TESTABILITY = YES;
				GCC_C_LANGUAGE_STANDARD = gnu11;
				GCC_DYNAMIC_NO_PIC = NO;
				GCC_NO_COMMON_BLOCKS = YES;
				GCC_OPTIMIZATION_LEVEL = 0;
				GCC_PREPROCESSOR_DEFINITIONS = (
					"DEBUG=1",
					"$(inherited)",
				);
				GCC_WARN_64_TO_32_BIT_CONVERSION = YES;
				GCC_WARN_ABOUT_RETURN_TYPE = YES_ERROR;
				GCC_WARN_UNDECLARED_SELECTOR = YES;
				GCC_WARN_UNINITIALIZED_AUTOS = YES_AGGRESSIVE;
				GCC_WARN_UNUSED_FUNCTION = YES;
				GCC_WARN_UNUSED_VARIABLE = YES;
				MACOSX_DEPLOYMENT_TARGET = 10.14;
				MTL_ENABLE_DEBUG_INFO = INCLUDE_SOURCE;
				MTL_FAST_MATH = YES;
				ONLY_ACTIVE_ARCH = YES;
				SDKROOT = macosx;
			};
			name = Debug;
		};
		97DB404026E3BA8600F65B0D /* Release */ = {
			isa = XCBuildConfiguration;
			buildSettings = {
				ALWAYS_SEARCH_USER_PATHS = NO;
				CLANG_ANALYZER_NONNULL = YES;
				CLANG_ANALYZER_NUMBER_OBJECT_CONVERSION = YES_AGGRESSIVE;
				CLANG_CXX_LANGUAGE_STANDARD = "gnu++14";
				CLANG_CXX_LIBRARY = "libc++";
				CLANG_ENABLE_MODULES = YES;
				CLANG_ENABLE_OBJC_ARC = YES;
				CLANG_ENABLE_OBJC_WEAK = YES;
				CLANG_WARN_BLOCK_CAPTURE_AUTORELEASING = YES;
				CLANG_WARN_BOOL_CONVERSION = YES;
				CLANG_WARN_COMMA = YES;
				CLANG_WARN_CONSTANT_CONVERSION = YES;
				CLANG_WARN_DEPRECATED_OBJC_IMPLEMENTATIONS = YES;
				CLANG_WARN_DIRECT_OBJC_ISA_USAGE = YES_ERROR;
				CLANG_WARN_DOCUMENTATION_COMMENTS = YES;
				CLANG_WARN_EMPTY_BODY = YES;
				CLANG_WARN_ENUM_CONVERSION = YES;
				CLANG_WARN_INFINITE_RECURSION = YES;
				CLANG_WARN_INT_CONVERSION = YES;
				CLANG_WARN_NON_LITERAL_NULL_CONVERSION = YES;
				CLANG_WARN_OBJC_IMPLICIT_RETAIN_SELF = YES;
				CLANG_WARN_OBJC_LITERAL_CONVERSION = YES;
				CLANG_WARN_OBJC_ROOT_CLASS = YES_ERROR;
				CLANG_WARN_RANGE_LOOP_ANALYSIS = YES;
				CLANG_WARN_STRICT_PROTOTYPES = YES;
				CLANG_WARN_SUSPICIOUS_MOVE = YES;
				CLANG_WARN_UNGUARDED_AVAILABILITY = YES_AGGRESSIVE;
				CLANG_WARN_UNREACHABLE_CODE = YES;
				CLANG_WARN__DUPLICATE_METHOD_MATCH = YES;
				COPY_PHASE_STRIP = NO;
				DEBUG_INFORMATION_FORMAT = "dwarf-with-dsym";
				ENABLE_NS_ASSERTIONS = NO;
				ENABLE_STRICT_OBJC_MSGSEND = YES;
				GCC_C_LANGUAGE_STANDARD = gnu11;
				GCC_NO_COMMON_BLOCKS = YES;
				GCC_WARN_64_TO_32_BIT_CONVERSION = YES;
				GCC_WARN_ABOUT_RETURN_TYPE = YES_ERROR;
				GCC_WARN_UNDECLARED_SELECTOR = YES;
				GCC_WARN_UNINITIALIZED_AUTOS = YES_AGGRESSIVE;
				GCC_WARN_UNUSED_FUNCTION = YES;
				GCC_WARN_UNUSED_VARIABLE = YES;
				MACOSX_DEPLOYMENT_TARGET = 10.14;
				MTL_ENABLE_DEBUG_INFO = NO;
				MTL_FAST_MATH = YES;
				SDKROOT = macosx;
			};
			name = Release;
		};
		97DB404226E3BA8600F65B0D /* Debug */ = {
			isa = XCBuildConfiguration;
			buildSettings = {
				CLANG_ENABLE_MODULES = YES;
				CODE_SIGN_STYLE = Automatic;
				LD_RUNPATH_SEARCH_PATHS = (
					"$(inherited)",
					"@executable_path/../Frameworks",
					"@loader_path/../Frameworks",
				);
				PRODUCT_NAME = "$(TARGET_NAME)";
				SWIFT_OBJC_BRIDGING_HEADER = "ex00-Bridging-Header.h";
				SWIFT_OPTIMIZATION_LEVEL = "-Onone";
				SWIFT_VERSION = 5.0;
			};
			name = Debug;
		};
		97DB404326E3BA8600F65B0D /* Release */ = {
			isa = XCBuildConfiguration;
			buildSettings = {
				CLANG_ENABLE_MODULES = YES;
				CODE_SIGN_STYLE = Automatic;
				LD_RUNPATH_SEARCH_PATHS = (
					"$(inherited)",
					"@executable_path/../Frameworks",
					"@loader_path/../Frameworks",
				);
				PRODUCT_NAME = "$(TARGET_NAME)";
				SWIFT_OBJC_BRIDGING_HEADER = "ex00-Bridging-Header.h";
				SWIFT_VERSION = 5.0;
			};
			name = Release;
		};
/* End XCBuildConfiguration section */

/* Begin XCConfigurationList section */
		97DB403526E3BA8600F65B0D /* Build configuration list for PBXProject "ex01" */ = {
			isa = XCConfigurationList;
			buildConfigurations = (
				97DB403F26E3BA8600F65B0D /* Debug */,
				97DB404026E3BA8600F65B0D /* Release */,
			);
			defaultConfigurationIsVisible = 0;
			defaultConfigurationName = Release;
		};
		97DB404126E3BA8600F65B0D /* Build configuration list for PBXNativeTarget "ex00" */ = {
			isa = XCConfigurationList;
			buildConfigurations = (
				97DB404226E3BA8600F65B0D /* Debug */,
				97DB404326E3BA8600F65B0D /* Release */,
			);
			defaultConfigurationIsVisible = 0;
			defaultConfigurationName = Release;
		};
/* End XCConfigurationList section */
	};
	rootObject = 97DB403226E3BA8600F65B0D /* Project object */;
}
